
Microsoft Visual Studio Solution File, Format Version 12.00
# Visual Studio Version 17
VisualStudioVersion = 17.14.36414.22
MinimumVisualStudioVersion = 10.0.40219.1
Project("{FAE04EC0-301F-11D3-BF4B-00C04F79EFBC}") = "GerenciamentoBiblioteca.API", "GerenciamentoBiblioteca\GerenciamentoBiblioteca.API.csproj", "{F29CD817-A54F-47EE-A63E-3ACCC933F5CC}"
EndProject
Project("{FAE04EC0-301F-11D3-BF4B-00C04F79EFBC}") = "GerenciamentoBiblioteca.Application", "GerenciamentoBiblioteca.Application\GerenciamentoBiblioteca.Application.csproj", "{2FA233D9-1FF3-4265-8189-A89B933617DD}"
EndProject
Project("{FAE04EC0-301F-11D3-BF4B-00C04F79EFBC}") = "GerenciamentoBiblioteca.Core", "GerenciamentoBiblioteca.Core\GerenciamentoBiblioteca.Core.csproj", "{38B81D03-C067-4FBD-A605-FFD837F00CDD}"
EndProject
Project("{FAE04EC0-301F-11D3-BF4B-00C04F79EFBC}") = "GerenciamentoBiblioteca.Infrastructure", "GerenciamentoBiblioteca.Infrastructure\GerenciamentoBiblioteca.Infrastructure.csproj", "{C846F239-35E2-4DF1-B31E-1710BFD76932}"
EndProject
Global
	GlobalSection(SolutionConfigurationPlatforms) = preSolution
		Debug|Any CPU = Debug|Any CPU
		Release|Any CPU = Release|Any CPU
	EndGlobalSection
	GlobalSection(ProjectConfigurationPlatforms) = postSolution
		{F29CD817-A54F-47EE-A63E-3ACCC933F5CC}.Debug|Any CPU.ActiveCfg = Debug|Any CPU
		{F29CD817-A54F-47EE-A63E-3ACCC933F5CC}.Debug|Any CPU.Build.0 = Debug|Any CPU
		{F29CD817-A54F-47EE-A63E-3ACCC933F5CC}.Release|Any CPU.ActiveCfg = Release|Any CPU
		{F29CD817-A54F-47EE-A63E-3ACCC933F5CC}.Release|Any CPU.Build.0 = Release|Any CPU
		{2FA233D9-1FF3-4265-8189-A89B933617DD}.Debug|Any CPU.ActiveCfg = Debug|Any CPU
		{2FA233D9-1FF3-4265-8189-A89B933617DD}.Debug|Any CPU.Build.0 = Debug|Any CPU
		{2FA233D9-1FF3-4265-8189-A89B933617DD}.Release|Any CPU.ActiveCfg = Release|Any CPU
		{2FA233D9-1FF3-4265-8189-A89B933617DD}.Release|Any CPU.Build.0 = Release|Any CPU
		{38B81D03-C067-4FBD-A605-FFD837F00CDD}.Debug|Any CPU.ActiveCfg = Debug|Any CPU
		{38B81D03-C067-4FBD-A605-FFD837F00CDD}.Debug|Any CPU.Build.0 = Debug|Any CPU
		{38B81D03-C067-4FBD-A605-FFD837F00CDD}.Release|Any CPU.ActiveCfg = Release|Any CPU
		{38B81D03-C067-4FBD-A605-FFD837F00CDD}.Release|Any CPU.Build.0 = Release|Any CPU
		{C846F239-35E2-4DF1-B31E-1710BFD76932}.Debug|Any CPU.ActiveCfg = Debug|Any CPU
		{C846F239-35E2-4DF1-B31E-1710BFD76932}.Debug|Any CPU.Build.0 = Debug|Any CPU
		{C846F239-35E2-4DF1-B31E-1710BFD76932}.Release|Any CPU.ActiveCfg = Release|Any CPU
		{C846F239-35E2-4DF1-B31E-1710BFD76932}.Release|Any CPU.Build.0 = Release|Any CPU
	EndGlobalSection
	GlobalSection(SolutionProperties) = preSolution
		HideSolutionNode = FALSE
	EndGlobalSection
	GlobalSection(ExtensibilityGlobals) = postSolution
		SolutionGuid = {B0B3C776-3689-4D1C-A345-E5572877A5DE}
	EndGlobalSection
EndGlobal
